# THIS IS AN AUTOGENERATED FILE. DO NOT EDIT THIS FILE DIRECTLY.
# yarn lockfile v1


"@esbuild/android-arm64@0.16.17":
  version "0.16.17"
  resolved "https://registry.yarnpkg.com/@esbuild/android-arm64/-/android-arm64-0.16.17.tgz#cf91e86df127aa3d141744edafcba0abdc577d23"
  integrity sha512-MIGl6p5sc3RDTLLkYL1MyL8BMRN4tLMRCn+yRJJmEDvYZ2M7tmAf80hx1kbNEUX2KJ50RRtxZ4JHLvCfuB6kBg==

"@esbuild/android-arm@0.16.17":
  version "0.16.17"
  resolved "https://registry.yarnpkg.com/@esbuild/android-arm/-/android-arm-0.16.17.tgz#025b6246d3f68b7bbaa97069144fb5fb70f2fff2"
  integrity sha512-N9x1CMXVhtWEAMS7pNNONyA14f71VPQN9Cnavj1XQh6T7bskqiLLrSca4O0Vr8Wdcga943eThxnVp3JLnBMYtw==

"@esbuild/android-x64@0.16.17":
  version "0.16.17"
  resolved "https://registry.yarnpkg.com/@esbuild/android-x64/-/android-x64-0.16.17.tgz#c820e0fef982f99a85c4b8bfdd582835f04cd96e"
  integrity sha512-a3kTv3m0Ghh4z1DaFEuEDfz3OLONKuFvI4Xqczqx4BqLyuFaFkuaG4j2MtA6fuWEFeC5x9IvqnX7drmRq/fyAQ==

"@esbuild/darwin-arm64@0.16.17":
  version "0.16.17"
  resolved "https://registry.yarnpkg.com/@esbuild/darwin-arm64/-/darwin-arm64-0.16.17.tgz#edef4487af6b21afabba7be5132c26d22379b220"
  integrity sha512-/2agbUEfmxWHi9ARTX6OQ/KgXnOWfsNlTeLcoV7HSuSTv63E4DqtAc+2XqGw1KHxKMHGZgbVCZge7HXWX9Vn+w==

"@esbuild/darwin-x64@0.16.17":
  version "0.16.17"
  resolved "https://registry.yarnpkg.com/@esbuild/darwin-x64/-/darwin-x64-0.16.17.tgz#42829168730071c41ef0d028d8319eea0e2904b4"
  integrity sha512-2By45OBHulkd9Svy5IOCZt376Aa2oOkiE9QWUK9fe6Tb+WDr8hXL3dpqi+DeLiMed8tVXspzsTAvd0jUl96wmg==

"@esbuild/freebsd-arm64@0.16.17":
  version "0.16.17"
  resolved "https://registry.yarnpkg.com/@esbuild/freebsd-arm64/-/freebsd-arm64-0.16.17.tgz#1f4af488bfc7e9ced04207034d398e793b570a27"
  integrity sha512-mt+cxZe1tVx489VTb4mBAOo2aKSnJ33L9fr25JXpqQqzbUIw/yzIzi+NHwAXK2qYV1lEFp4OoVeThGjUbmWmdw==

"@esbuild/freebsd-x64@0.16.17":
  version "0.16.17"
  resolved "https://registry.yarnpkg.com/@esbuild/freebsd-x64/-/freebsd-x64-0.16.17.tgz#636306f19e9bc981e06aa1d777302dad8fddaf72"
  integrity sha512-8ScTdNJl5idAKjH8zGAsN7RuWcyHG3BAvMNpKOBaqqR7EbUhhVHOqXRdL7oZvz8WNHL2pr5+eIT5c65kA6NHug==

"@esbuild/linux-arm64@0.16.17":
  version "0.16.17"
  resolved "https://registry.yarnpkg.com/@esbuild/linux-arm64/-/linux-arm64-0.16.17.tgz#a003f7ff237c501e095d4f3a09e58fc7b25a4aca"
  integrity sha512-7S8gJnSlqKGVJunnMCrXHU9Q8Q/tQIxk/xL8BqAP64wchPCTzuM6W3Ra8cIa1HIflAvDnNOt2jaL17vaW+1V0g==

"@esbuild/linux-arm@0.16.17":
  version "0.16.17"
  resolved "https://registry.yarnpkg.com/@esbuild/linux-arm/-/linux-arm-0.16.17.tgz#b591e6a59d9c4fe0eeadd4874b157ab78cf5f196"
  integrity sha512-iihzrWbD4gIT7j3caMzKb/RsFFHCwqqbrbH9SqUSRrdXkXaygSZCZg1FybsZz57Ju7N/SHEgPyaR0LZ8Zbe9gQ==

"@esbuild/linux-ia32@0.16.17":
  version "0.16.17"
  resolved "https://registry.yarnpkg.com/@esbuild/linux-ia32/-/linux-ia32-0.16.17.tgz#24333a11027ef46a18f57019450a5188918e2a54"
  integrity sha512-kiX69+wcPAdgl3Lonh1VI7MBr16nktEvOfViszBSxygRQqSpzv7BffMKRPMFwzeJGPxcio0pdD3kYQGpqQ2SSg==

"@esbuild/linux-loong64@0.16.17":
  version "0.16.17"
  resolved "https://registry.yarnpkg.com/@esbuild/linux-loong64/-/linux-loong64-0.16.17.tgz#d5ad459d41ed42bbd4d005256b31882ec52227d8"
  integrity sha512-dTzNnQwembNDhd654cA4QhbS9uDdXC3TKqMJjgOWsC0yNCbpzfWoXdZvp0mY7HU6nzk5E0zpRGGx3qoQg8T2DQ==

"@esbuild/linux-mips64el@0.16.17":
  version "0.16.17"
  resolved "https://registry.yarnpkg.com/@esbuild/linux-mips64el/-/linux-mips64el-0.16.17.tgz#4e5967a665c38360b0a8205594377d4dcf9c3726"
  integrity sha512-ezbDkp2nDl0PfIUn0CsQ30kxfcLTlcx4Foz2kYv8qdC6ia2oX5Q3E/8m6lq84Dj/6b0FrkgD582fJMIfHhJfSw==

"@esbuild/linux-ppc64@0.16.17":
  version "0.16.17"
  resolved "https://registry.yarnpkg.com/@esbuild/linux-ppc64/-/linux-ppc64-0.16.17.tgz#206443a02eb568f9fdf0b438fbd47d26e735afc8"
  integrity sha512-dzS678gYD1lJsW73zrFhDApLVdM3cUF2MvAa1D8K8KtcSKdLBPP4zZSLy6LFZ0jYqQdQ29bjAHJDgz0rVbLB3g==

"@esbuild/linux-riscv64@0.16.17":
  version "0.16.17"
  resolved "https://registry.yarnpkg.com/@esbuild/linux-riscv64/-/linux-riscv64-0.16.17.tgz#c351e433d009bf256e798ad048152c8d76da2fc9"
  integrity sha512-ylNlVsxuFjZK8DQtNUwiMskh6nT0vI7kYl/4fZgV1llP5d6+HIeL/vmmm3jpuoo8+NuXjQVZxmKuhDApK0/cKw==

"@esbuild/linux-s390x@0.16.17":
  version "0.16.17"
  resolved "https://registry.yarnpkg.com/@esbuild/linux-s390x/-/linux-s390x-0.16.17.tgz#661f271e5d59615b84b6801d1c2123ad13d9bd87"
  integrity sha512-gzy7nUTO4UA4oZ2wAMXPNBGTzZFP7mss3aKR2hH+/4UUkCOyqmjXiKpzGrY2TlEUhbbejzXVKKGazYcQTZWA/w==

"@esbuild/linux-x64@0.16.17":
  version "0.16.17"
  resolved "https://registry.yarnpkg.com/@esbuild/linux-x64/-/linux-x64-0.16.17.tgz#e4ba18e8b149a89c982351443a377c723762b85f"
  integrity sha512-mdPjPxfnmoqhgpiEArqi4egmBAMYvaObgn4poorpUaqmvzzbvqbowRllQ+ZgzGVMGKaPkqUmPDOOFQRUFDmeUw==

"@esbuild/netbsd-x64@0.16.17":
  version "0.16.17"
  resolved "https://registry.yarnpkg.com/@esbuild/netbsd-x64/-/netbsd-x64-0.16.17.tgz#7d4f4041e30c5c07dd24ffa295c73f06038ec775"
  integrity sha512-/PzmzD/zyAeTUsduZa32bn0ORug+Jd1EGGAUJvqfeixoEISYpGnAezN6lnJoskauoai0Jrs+XSyvDhppCPoKOA==

"@esbuild/openbsd-x64@0.16.17":
  version "0.16.17"
  resolved "https://registry.yarnpkg.com/@esbuild/openbsd-x64/-/openbsd-x64-0.16.17.tgz#970fa7f8470681f3e6b1db0cc421a4af8060ec35"
  integrity sha512-2yaWJhvxGEz2RiftSk0UObqJa/b+rIAjnODJgv2GbGGpRwAfpgzyrg1WLK8rqA24mfZa9GvpjLcBBg8JHkoodg==

"@esbuild/sunos-x64@0.16.17":
  version "0.16.17"
  resolved "https://registry.yarnpkg.com/@esbuild/sunos-x64/-/sunos-x64-0.16.17.tgz#abc60e7c4abf8b89fb7a4fe69a1484132238022c"
  integrity sha512-xtVUiev38tN0R3g8VhRfN7Zl42YCJvyBhRKw1RJjwE1d2emWTVToPLNEQj/5Qxc6lVFATDiy6LjVHYhIPrLxzw==

"@esbuild/win32-arm64@0.16.17":
  version "0.16.17"
  resolved "https://registry.yarnpkg.com/@esbuild/win32-arm64/-/win32-arm64-0.16.17.tgz#7b0ff9e8c3265537a7a7b1fd9a24e7bd39fcd87a"
  integrity sha512-ga8+JqBDHY4b6fQAmOgtJJue36scANy4l/rL97W+0wYmijhxKetzZdKOJI7olaBaMhWt8Pac2McJdZLxXWUEQw==

"@esbuild/win32-ia32@0.16.17":
  version "0.16.17"
  resolved "https://registry.yarnpkg.com/@esbuild/win32-ia32/-/win32-ia32-0.16.17.tgz#e90fe5267d71a7b7567afdc403dfd198c292eb09"
  integrity sha512-WnsKaf46uSSF/sZhwnqE4L/F89AYNMiD4YtEcYekBt9Q7nj0DiId2XH2Ng2PHM54qi5oPrQ8luuzGszqi/veig==

"@esbuild/win32-x64@0.16.17":
  version "0.16.17"
  resolved "https://registry.yarnpkg.com/@esbuild/win32-x64/-/win32-x64-0.16.17.tgz#c5a1a4bfe1b57f0c3e61b29883525c6da3e5c091"
  integrity sha512-y+EHuSchhL7FjHgvQL/0fnnFmO4T1bhvWANX6gcnqTjtnKWbTvUMCpGnv2+t+31d7RzyEAYAd4u2fnIhHL6N/Q==

"@lezer/common@^0.15.0", "@lezer/common@^0.15.7":
  version "0.15.12"
  resolved "https://registry.yarnpkg.com/@lezer/common/-/common-0.15.12.tgz#2f21aec551dd5fd7d24eb069f90f54d5bc6ee5e9"
  integrity sha512-edfwCxNLnzq5pBA/yaIhwJ3U3Kz8VAUOTRg0hhxaizaI1N+qxV7EXDv/kLCkLeq2RzSFvxexlaj5Mzfn2kY0Ig==

"@lezer/lr@^0.15.4":
  version "0.15.8"
  resolved "https://registry.yarnpkg.com/@lezer/lr/-/lr-0.15.8.tgz#1564a911e62b0a0f75ca63794a6aa8c5dc63db21"
  integrity sha512-bM6oE6VQZ6hIFxDNKk8bKPa14hqFrV07J/vHGOeiAbJReIaQXmkVb6xQu4MR+JBTLa5arGRyAAjJe1qaQt3Uvg==
  dependencies:
    "@lezer/common" "^0.15.0"

"@lmdb/lmdb-darwin-arm64@2.5.2":
  version "2.5.2"
  resolved "https://registry.yarnpkg.com/@lmdb/lmdb-darwin-arm64/-/lmdb-darwin-arm64-2.5.2.tgz#bc66fa43286b5c082e8fee0eacc17995806b6fbe"
  integrity sha512-+F8ioQIUN68B4UFiIBYu0QQvgb9FmlKw2ctQMSBfW2QBrZIxz9vD9jCGqTCPqZBRbPHAS/vG1zSXnKqnS2ch/A==

"@lmdb/lmdb-darwin-x64@2.5.2":
  version "2.5.2"
  resolved "https://registry.yarnpkg.com/@lmdb/lmdb-darwin-x64/-/lmdb-darwin-x64-2.5.2.tgz#89d8390041bce6bab24a82a20392be22faf54ffc"
  integrity sha512-KvPH56KRLLx4KSfKBx0m1r7GGGUMXm0jrKmNE7plbHlesZMuPJICtn07HYgQhj1LNsK7Yqwuvnqh1QxhJnF1EA==

"@lmdb/lmdb-linux-arm64@2.5.2":
  version "2.5.2"
  resolved "https://registry.yarnpkg.com/@lmdb/lmdb-linux-arm64/-/lmdb-linux-arm64-2.5.2.tgz#14fe4c96c2bb1285f93797f45915fa35ee047268"
  integrity sha512-aLl89VHL/wjhievEOlPocoefUyWdvzVrcQ/MHQYZm2JfV1jUsrbr/ZfkPPUFvZBf+VSE+Q0clWs9l29PCX1hTQ==

"@lmdb/lmdb-linux-arm@2.5.2":
  version "2.5.2"
  resolved "https://registry.yarnpkg.com/@lmdb/lmdb-linux-arm/-/lmdb-linux-arm-2.5.2.tgz#05bde4573ab10cf21827339fe687148f2590cfa1"
  integrity sha512-5kQAP21hAkfW5Bl+e0P57dV4dGYnkNIpR7f/GAh6QHlgXx+vp/teVj4PGRZaKAvt0GX6++N6hF8NnGElLDuIDw==

"@lmdb/lmdb-linux-x64@2.5.2":
  version "2.5.2"
  resolved "https://registry.yarnpkg.com/@lmdb/lmdb-linux-x64/-/lmdb-linux-x64-2.5.2.tgz#d2f85afd857d2c33d2caa5b057944574edafcfee"
  integrity sha512-xUdUfwDJLGjOUPH3BuPBt0NlIrR7f/QHKgu3GZIXswMMIihAekj2i97oI0iWG5Bok/b+OBjHPfa8IU9velnP/Q==

"@lmdb/lmdb-win32-x64@2.5.2":
  version "2.5.2"
  resolved "https://registry.yarnpkg.com/@lmdb/lmdb-win32-x64/-/lmdb-win32-x64-2.5.2.tgz#28f643fbc0bec30b07fbe95b137879b6b4d1c9c5"
  integrity sha512-zrBczSbXKxEyK2ijtbRdICDygRqWSRPpZMN5dD1T8VMEW5RIhIbwFWw2phDRXuBQdVDpSjalCIUMWMV2h3JaZA==

"@mischnic/json-sourcemap@^0.1.0":
  version "0.1.0"
  resolved "https://registry.yarnpkg.com/@mischnic/json-sourcemap/-/json-sourcemap-0.1.0.tgz#38af657be4108140a548638267d02a2ea3336507"
  integrity sha512-dQb3QnfNqmQNYA4nFSN/uLaByIic58gOXq4Y4XqLOWmOrw73KmJPt/HLyG0wvn1bnR6mBKs/Uwvkh+Hns1T0XA==
  dependencies:
    "@lezer/common" "^0.15.7"
    "@lezer/lr" "^0.15.4"
    json5 "^2.2.1"

"@msgpackr-extract/msgpackr-extract-darwin-arm64@2.2.0":
  version "2.2.0"
  resolved "https://registry.yarnpkg.com/@msgpackr-extract/msgpackr-extract-darwin-arm64/-/msgpackr-extract-darwin-arm64-2.2.0.tgz#901c5937e1441572ea23e631fe6deca68482fe76"
  integrity sha512-Z9LFPzfoJi4mflGWV+rv7o7ZbMU5oAU9VmzCgL240KnqDW65Y2HFCT3MW06/ITJSnbVLacmcEJA8phywK7JinQ==

"@msgpackr-extract/msgpackr-extract-darwin-x64@2.2.0":
  version "2.2.0"
  resolved "https://registry.yarnpkg.com/@msgpackr-extract/msgpackr-extract-darwin-x64/-/msgpackr-extract-darwin-x64-2.2.0.tgz#fb877fe6bae3c4d3cea29786737840e2ae689066"
  integrity sha512-vq0tT8sjZsy4JdSqmadWVw6f66UXqUCabLmUVHZwUFzMgtgoIIQjT4VVRHKvlof3P/dMCkbMJ5hB1oJ9OWHaaw==

"@msgpackr-extract/msgpackr-extract-linux-arm64@2.2.0":
  version "2.2.0"
  resolved "https://registry.yarnpkg.com/@msgpackr-extract/msgpackr-extract-linux-arm64/-/msgpackr-extract-linux-arm64-2.2.0.tgz#986179c38b10ac41fbdaf7d036c825cbc72855d9"
  integrity sha512-hlxxLdRmPyq16QCutUtP8Tm6RDWcyaLsRssaHROatgnkOxdleMTgetf9JsdncL8vLh7FVy/RN9i3XR5dnb9cRA==

"@msgpackr-extract/msgpackr-extract-linux-arm@2.2.0":
  version "2.2.0"
  resolved "https://registry.yarnpkg.com/@msgpackr-extract/msgpackr-extract-linux-arm/-/msgpackr-extract-linux-arm-2.2.0.tgz#15f2c6fe9e0adc06c21af7e95f484ff4880d79ce"
  integrity sha512-SaJ3Qq4lX9Syd2xEo9u3qPxi/OB+5JO/ngJKK97XDpa1C587H9EWYO6KD8995DAjSinWvdHKRrCOXVUC5fvGOg==

"@msgpackr-extract/msgpackr-extract-linux-x64@2.2.0":
  version "2.2.0"
  resolved "https://registry.yarnpkg.com/@msgpackr-extract/msgpackr-extract-linux-x64/-/msgpackr-extract-linux-x64-2.2.0.tgz#30cae5c9a202f3e1fa1deb3191b18ffcb2f239a2"
  integrity sha512-94y5PJrSOqUNcFKmOl7z319FelCLAE0rz/jPCWS+UtdMZvpa4jrQd+cJPQCLp2Fes1yAW/YUQj/Di6YVT3c3Iw==

"@msgpackr-extract/msgpackr-extract-win32-x64@2.2.0":
  version "2.2.0"
  resolved "https://registry.yarnpkg.com/@msgpackr-extract/msgpackr-extract-win32-x64/-/msgpackr-extract-win32-x64-2.2.0.tgz#016d855b6bc459fd908095811f6826e45dd4ba64"
  integrity sha512-XrC0JzsqQSvOyM3t04FMLO6z5gCuhPE6k4FXuLK5xf52ZbdvcFe1yBmo7meCew9B8G2f0T9iu9t3kfTYRYROgA==

"@parcel/cache@2.8.2":
  version "2.8.2"
  resolved "https://registry.yarnpkg.com/@parcel/cache/-/cache-2.8.2.tgz#64ab1a4ecc20033b7d20a72ddd8898fea035e553"
  integrity sha512-kiyoOgh1RXp5qp+wlb8Pi/Z7o9D82Oj5RlHnKSAauyR7jgnI8Vq8JTeBmlLqrf+kHxcDcp2p86hidSeANhlQNg==
  dependencies:
    "@parcel/fs" "2.8.2"
    "@parcel/logger" "2.8.2"
    "@parcel/utils" "2.8.2"
    lmdb "2.5.2"

"@parcel/codeframe@2.8.2":
  version "2.8.2"
  resolved "https://registry.yarnpkg.com/@parcel/codeframe/-/codeframe-2.8.2.tgz#a170050404792acb6d9beac931b5ece25e3fc0b9"
  integrity sha512-U2GT9gq1Zs3Gr83j8JIs10bLbGOHFl57Y8D57nrdR05F4iilV/UR6K7jkhdoiFc9WiHh3ewvrko5+pSdAVFPgQ==
  dependencies:
    chalk "^4.1.0"

"@parcel/diagnostic@2.8.2":
  version "2.8.2"
  resolved "https://registry.yarnpkg.com/@parcel/diagnostic/-/diagnostic-2.8.2.tgz#7a6ca8c537cd59570ebc44615e1637cfd9675698"
  integrity sha512-tGSMwM2rSYLjJW0fCd9gb3tNjfCX/83PZ10/5u2E33UZVkk8OIHsQmsrtq2H2g4oQL3rFxkfEx6nGPDGHwlx7A==
  dependencies:
    "@mischnic/json-sourcemap" "^0.1.0"
    nullthrows "^1.1.1"

"@parcel/events@2.8.2":
  version "2.8.2"
  resolved "https://registry.yarnpkg.com/@parcel/events/-/events-2.8.2.tgz#9ef8d93f1a41369ac1685a1e2bbef7b76390259c"
  integrity sha512-o5etrsKm16y8iRPnjtEBNy4lD0WAigD66yt/RZl9Rx0vPVDly/63Rr9+BrXWVW7bJ7x0S0VVpWW4j3f/qZOsXg==

"@parcel/fs-search@2.8.2":
  version "2.8.2"
  resolved "https://registry.yarnpkg.com/@parcel/fs-search/-/fs-search-2.8.2.tgz#6d68fedac193ef1ab28d3bf4cb69a4c03f44b9a8"
  integrity sha512-ovQnupRm/MoE/tbgH0Ivknk0QYenXAewjcog+T5umDmUlTmnIRZjURrgDf5Xtw8T/CD5Xv+HmIXpJ9Ez/LzJpw==
  dependencies:
    detect-libc "^1.0.3"

"@parcel/fs@2.8.2":
  version "2.8.2"
  resolved "https://registry.yarnpkg.com/@parcel/fs/-/fs-2.8.2.tgz#380b76962f908cafec1fda6d4bb6ccda450325ab"
  integrity sha512-aN8znbMndSqn1xwZEmMblzqmJsxcExv2jKLl/a9RUHAP7LaPYcPZIykDL3YwGCiKTCzjmRpXnNoyosjFFeBaHA==
  dependencies:
    "@parcel/fs-search" "2.8.2"
    "@parcel/types" "2.8.2"
    "@parcel/utils" "2.8.2"
    "@parcel/watcher" "^2.0.7"
    "@parcel/workers" "2.8.2"

"@parcel/hash@2.8.2":
  version "2.8.2"
  resolved "https://registry.yarnpkg.com/@parcel/hash/-/hash-2.8.2.tgz#f621431391cf873139125bacd4617c493c737cd7"
  integrity sha512-NBnP8Hu0xvAqAfZXRaMM66i8nJyxpKS86BbhwkbgTGbwO1OY87GERliHeREJfcER0E0ZzwNow7MNR8ZDm6IvJQ==
  dependencies:
    detect-libc "^1.0.3"
    xxhash-wasm "^0.4.2"

"@parcel/logger@2.8.2":
  version "2.8.2"
  resolved "https://registry.yarnpkg.com/@parcel/logger/-/logger-2.8.2.tgz#21df19cf2a084d247199b71a01511560a7ba98fc"
  integrity sha512-zlhK6QHxfFJMlVJxxcCw0xxBDrYPFPOhMxSD6p6b0z9Yct1l3NdpmfabgjKX8wnZmHokFsil6daleM+M80n2Ew==
  dependencies:
    "@parcel/diagnostic" "2.8.2"
    "@parcel/events" "2.8.2"

"@parcel/markdown-ansi@2.8.2":
  version "2.8.2"
  resolved "https://registry.yarnpkg.com/@parcel/markdown-ansi/-/markdown-ansi-2.8.2.tgz#cb453c70de9c1ea85e2650fb46abbdf2ccbafa9e"
  integrity sha512-5y29TXgRgG0ybuXaDsDk4Aofg/nDUeAAyVl9/toYCDDhxpQV4yZt8WNPu4PaNYKGLuNgXwsmz+ryZQHGmfbAIQ==
  dependencies:
    chalk "^4.1.0"

"@parcel/package-manager@2.8.2":
  version "2.8.2"
  resolved "https://registry.yarnpkg.com/@parcel/package-manager/-/package-manager-2.8.2.tgz#fd7886bb4f828929ffed93cfc345cf160b540d4c"
  integrity sha512-hx4Imi0yhsSS0aNZkEANPYNNKqBuR63EUNWSxMyHh4ZOvbHoOXnMn1ySGdx6v0oi9HvKymNsLMQ1T5CuI4l4Bw==
  dependencies:
    "@parcel/diagnostic" "2.8.2"
    "@parcel/fs" "2.8.2"
    "@parcel/logger" "2.8.2"
    "@parcel/types" "2.8.2"
    "@parcel/utils" "2.8.2"
    "@parcel/workers" "2.8.2"
    semver "^5.7.1"

"@parcel/plugin@2.8.2":
  version "2.8.2"
  resolved "https://registry.yarnpkg.com/@parcel/plugin/-/plugin-2.8.2.tgz#f8d147cf32e52f7feff245d64d640890a18a6fd9"
  integrity sha512-YG7TWfKsoNm72jbz3b3TLec0qJHVkuAWSzGzowdIhX37cP1kRfp6BU2VcH+qYPP/KYJLzhcZa9n3by147mGcxw==
  dependencies:
    "@parcel/types" "2.8.2"

"@parcel/source-map@^2.1.1":
  version "2.1.1"
  resolved "https://registry.yarnpkg.com/@parcel/source-map/-/source-map-2.1.1.tgz#fb193b82dba6dd62cc7a76b326f57bb35000a782"
  integrity sha512-Ejx1P/mj+kMjQb8/y5XxDUn4reGdr+WyKYloBljpppUy8gs42T+BNoEOuRYqDVdgPc6NxduzIDoJS9pOFfV5Ew==
  dependencies:
    detect-libc "^1.0.3"

"@parcel/transformer-sass@^2.7.0":
  version "2.8.2"
  resolved "https://registry.yarnpkg.com/@parcel/transformer-sass/-/transformer-sass-2.8.2.tgz#c00e2ecb3f83801570c8631bce0efcef2e5a93cb"
  integrity sha512-GiTuLpkIIVjLUYM7kEWkGetQZSS6tSysokEvipSvST5LH3mXS7hV9d1kTE2DrvvN4SSgV1uougY7c4t1CexJZA==
  dependencies:
    "@parcel/plugin" "2.8.2"
    "@parcel/source-map" "^2.1.1"
    sass "^1.38.0"

"@parcel/types@2.8.2":
  version "2.8.2"
  resolved "https://registry.yarnpkg.com/@parcel/types/-/types-2.8.2.tgz#1a2cc2ec20a52f42dabd9260dbb912b927e2d75d"
  integrity sha512-HAYhokWxM10raIhqaYj9VR9eAvJ+xP2sNfQ1IcQybHpq3qblcBe/4jDeuUpwIyKeQ4gorp7xY+q8KDoR20j43w==
  dependencies:
    "@parcel/cache" "2.8.2"
    "@parcel/diagnostic" "2.8.2"
    "@parcel/fs" "2.8.2"
    "@parcel/package-manager" "2.8.2"
    "@parcel/source-map" "^2.1.1"
    "@parcel/workers" "2.8.2"
    utility-types "^3.10.0"

"@parcel/utils@2.8.2":
  version "2.8.2"
  resolved "https://registry.yarnpkg.com/@parcel/utils/-/utils-2.8.2.tgz#7e917d2ebd5326e12e878858a416e50706bc804d"
  integrity sha512-Ufax7wZxC9FNsUpR0EU7Z22LEY/q9jjsDTwswctCdfpWb7TE/NudOfM9myycfRvwBVEYN50lPbkt1QltEVnXQQ==
  dependencies:
    "@parcel/codeframe" "2.8.2"
    "@parcel/diagnostic" "2.8.2"
    "@parcel/hash" "2.8.2"
    "@parcel/logger" "2.8.2"
    "@parcel/markdown-ansi" "2.8.2"
    "@parcel/source-map" "^2.1.1"
    chalk "^4.1.0"

"@parcel/watcher@^2.0.7":
  version "2.0.7"
  resolved "https://registry.yarnpkg.com/@parcel/watcher/-/watcher-2.0.7.tgz#c95fe1370e8c6237cb9729c9c075264acc7e21a5"
  integrity sha512-gc3hoS6e+2XdIQ4HHljDB1l0Yx2EWh/sBBtCEFNKGSMlwASWeAQsOY/fPbxOBcZ/pg0jBh4Ga+4xHlZc4faAEQ==
  dependencies:
    node-addon-api "^3.2.1"
    node-gyp-build "^4.3.0"

"@parcel/workers@2.8.2":
  version "2.8.2"
  resolved "https://registry.yarnpkg.com/@parcel/workers/-/workers-2.8.2.tgz#7d170bd153e35ebd7fb59f239930bd5669babe7d"
  integrity sha512-Eg6CofIrJSNBa2fjXwvnzVLPKwR/6fkfQTFAm3Jl+4JYLVknBtTSFzQNp/Fa+HUEG889H9ucTk2CBi/fVPBAFw==
  dependencies:
    "@parcel/diagnostic" "2.8.2"
    "@parcel/logger" "2.8.2"
    "@parcel/types" "2.8.2"
    "@parcel/utils" "2.8.2"
    chrome-trace-event "^1.0.2"
    nullthrows "^1.1.1"

"@types/three@^0.146.0":
  version "0.146.0"
  resolved "https://registry.yarnpkg.com/@types/three/-/three-0.146.0.tgz#83813ba0d2fff6bdc6d7fda3a77993a932bba45f"
  integrity sha512-75AgysUrIvTCB054eQa2pDVFurfeFW8CrMQjpzjt3yHBfuuknoSvvsESd/3EhQxPrz9si3+P0wiDUVsWUlljfA==
  dependencies:
    "@types/webxr" "*"

"@types/webxr@*":
  version "0.5.0"
  resolved "https://registry.yarnpkg.com/@types/webxr/-/webxr-0.5.0.tgz#aae1cef3210d88fd4204f8c33385a0bbc4da07c9"
  integrity sha512-IUMDPSXnYIbEO2IereEFcgcqfDREOgmbGqtrMpVPpACTU6pltYLwHgVkrnYv0XhWEcjio9sYEfIEzgn3c7nDqA==

"@vituum/vite-plugin-posthtml@^0.1.0":
  version "0.1.0"
  resolved "https://registry.yarnpkg.com/@vituum/vite-plugin-posthtml/-/vite-plugin-posthtml-0.1.0.tgz#4be9c048ade9830100da9579e66d4de57d667343"
  integrity sha512-ZYTSL/ls4J33SJVNVkyeu+GKfkyvnfEsuftzyyVg2/WkNM4b5XNylK8FGSoyp5LvSURNH+fqPKkEmI4sdNwFqQ==
  dependencies:
    lodash "^4.17.21"
    posthtml "^0.16.6"
    posthtml-extend "^0.6.3"
    posthtml-include "^1.7.4"

ansi-styles@^4.1.0:
  version "4.3.0"
  resolved "https://registry.yarnpkg.com/ansi-styles/-/ansi-styles-4.3.0.tgz#edd803628ae71c04c85ae7a0906edad34b648937"
  integrity sha512-zbB9rCJAT1rbjiVDb2hqKFHNYLxgtk8NURxZ3IZwD3F6NtxbXZQCnnSi1Lkx+IDohdPlFp222wVALIheZJQSEg==
  dependencies:
    color-convert "^2.0.1"

anymatch@~3.1.2:
  version "3.1.3"
  resolved "https://registry.yarnpkg.com/anymatch/-/anymatch-3.1.3.tgz#790c58b19ba1720a84205b57c618d5ad8524973e"
  integrity sha512-KMReFUr0B4t+D+OBkjR3KYqvocp2XaSzO55UcB6mgQMd3KbcE+mWTyvVV7D/zsdEbNnV6acZUutkiHQXvTr1Rw==
  dependencies:
    normalize-path "^3.0.0"
    picomatch "^2.0.4"

binary-extensions@^2.0.0:
  version "2.2.0"
  resolved "https://registry.yarnpkg.com/binary-extensions/-/binary-extensions-2.2.0.tgz#75f502eeaf9ffde42fc98829645be4ea76bd9e2d"
  integrity sha512-jDctJ/IVQbZoJykoeHbhXpOlNBqGNcwXJKJog42E5HDPUwQTSdjCHdihjj0DlnheQ7blbT6dHOafNAiS8ooQKA==

braces@~3.0.2:
  version "3.0.2"
  resolved "https://registry.yarnpkg.com/braces/-/braces-3.0.2.tgz#3454e1a462ee8d599e236df336cd9ea4f8afe107"
  integrity sha512-b8um+L1RzM3WDSzvhm6gIz1yfTbBt6YTlcEKAvsmqCZZFw46z626lVj9j1yEPW33H5H+lBQpZMP1k8l+78Ha0A==
  dependencies:
    fill-range "^7.0.1"

chalk@^4.1.0:
  version "4.1.2"
  resolved "https://registry.yarnpkg.com/chalk/-/chalk-4.1.2.tgz#aac4e2b7734a740867aeb16bf02aad556a1e7a01"
  integrity sha512-oKnbhFyRIXpUuez8iBMmyEa4nbj4IOQyuhc/wy9kY7/WVPcwIO9VA668Pu8RkO7+0G76SLROeyw9CpQ061i4mA==
  dependencies:
    ansi-styles "^4.1.0"
    supports-color "^7.1.0"

"chokidar@>=3.0.0 <4.0.0":
  version "3.5.3"
  resolved "https://registry.yarnpkg.com/chokidar/-/chokidar-3.5.3.tgz#1cf37c8707b932bd1af1ae22c0432e2acd1903bd"
  integrity sha512-Dr3sfKRP6oTcjf2JmUmFJfeVMvXBdegxB0iVQ5eb2V10uFJUCAS8OByZdVAyVb8xXNz3GjjTgj9kLWsZTqE6kw==
  dependencies:
    anymatch "~3.1.2"
    braces "~3.0.2"
    glob-parent "~5.1.2"
    is-binary-path "~2.1.0"
    is-glob "~4.0.1"
    normalize-path "~3.0.0"
    readdirp "~3.6.0"
  optionalDependencies:
    fsevents "~2.3.2"

chrome-trace-event@^1.0.2:
  version "1.0.3"
  resolved "https://registry.yarnpkg.com/chrome-trace-event/-/chrome-trace-event-1.0.3.tgz#1015eced4741e15d06664a957dbbf50d041e26ac"
  integrity sha512-p3KULyQg4S7NIHixdwbGX+nFHkoBiA4YQmyWtjb8XngSKV124nJmRysgAeujbUVb15vh+RvFUfCPqU7rXk+hZg==

color-convert@^2.0.1:
  version "2.0.1"
  resolved "https://registry.yarnpkg.com/color-convert/-/color-convert-2.0.1.tgz#72d3a68d598c9bdb3af2ad1e84f21d896abd4de3"
  integrity sha512-RRECPsj7iu/xb5oKYcsFHSppFNnsj/52OVTRKb4zP5onXwVF3zVmmToNcOfGC+CRDpfK/U584fMg38ZHCaElKQ==
  dependencies:
    color-name "~1.1.4"

color-name@~1.1.4:
  version "1.1.4"
  resolved "https://registry.yarnpkg.com/color-name/-/color-name-1.1.4.tgz#c2a09a87acbde69543de6f63fa3995c826c536a2"
  integrity sha512-dOy+3AuW3a2wNbZHIuMZpTcgjGuLU/uBL/ubcZF9OXbDo8ff4O8yVp5Bf0efS8uEoYo5q4Fx7dY9OgQGXgAsQA==

deepmerge@^4.2.2:
  version "4.3.0"
  resolved "https://registry.yarnpkg.com/deepmerge/-/deepmerge-4.3.0.tgz#65491893ec47756d44719ae520e0e2609233b59b"
  integrity sha512-z2wJZXrmeHdvYJp/Ux55wIjqo81G5Bp4c+oELTW+7ar6SogWHajt5a9gO3s3IDaGSAXjDk0vlQKN3rms8ab3og==

detect-libc@^1.0.3:
  version "1.0.3"
  resolved "https://registry.yarnpkg.com/detect-libc/-/detect-libc-1.0.3.tgz#fa137c4bd698edf55cd5cd02ac559f91a4c4ba9b"
  integrity sha512-pGjwhsmsp4kL2RTz08wcOlGN83otlqHeD/Z5T8GXZB+/YcpQ/dgo+lbU8ZsGxV0HIvqqxo9l7mqYwyYMD9bKDg==

dom-serializer@^1.0.1:
  version "1.4.1"
  resolved "https://registry.yarnpkg.com/dom-serializer/-/dom-serializer-1.4.1.tgz#de5d41b1aea290215dc45a6dae8adcf1d32e2d30"
  integrity sha512-VHwB3KfrcOOkelEG2ZOfxqLZdfkil8PtJi4P8N2MMXucZq2yLp75ClViUlOVwyoHEDjYU433Aq+5zWP61+RGag==
  dependencies:
    domelementtype "^2.0.1"
    domhandler "^4.2.0"
    entities "^2.0.0"

domelementtype@^2.0.1, domelementtype@^2.2.0:
  version "2.3.0"
  resolved "https://registry.yarnpkg.com/domelementtype/-/domelementtype-2.3.0.tgz#5c45e8e869952626331d7aab326d01daf65d589d"
  integrity sha512-OLETBj6w0OsagBwdXnPdN0cnMfF9opN69co+7ZrbfPGrdpPVNBUj02spi6B1N7wChLQiPn4CSH/zJvXw56gmHw==

domhandler@^4.2.0, domhandler@^4.2.2:
  version "4.3.1"
  resolved "https://registry.yarnpkg.com/domhandler/-/domhandler-4.3.1.tgz#8d792033416f59d68bc03a5aa7b018c1ca89279c"
  integrity sha512-GrwoxYN+uWlzO8uhUXRl0P+kHE4GtVPfYzVLcUxPL7KNdHKj66vvlhiweIHqYYXWlw+T8iLMp42Lm67ghw4WMQ==
  dependencies:
    domelementtype "^2.2.0"

domutils@^2.8.0:
  version "2.8.0"
  resolved "https://registry.yarnpkg.com/domutils/-/domutils-2.8.0.tgz#4437def5db6e2d1f5d6ee859bd95ca7d02048135"
  integrity sha512-w96Cjofp72M5IIhpjgobBimYEfoPjx1Vx0BSX9P30WBdZW2WIKU0T1Bd0kz2eNZ9ikjKgHbEyKx8BB6H1L3h3A==
  dependencies:
    dom-serializer "^1.0.1"
    domelementtype "^2.2.0"
    domhandler "^4.2.0"

entities@^2.0.0:
  version "2.2.0"
  resolved "https://registry.yarnpkg.com/entities/-/entities-2.2.0.tgz#098dc90ebb83d8dffa089d55256b351d34c4da55"
  integrity sha512-p92if5Nz619I0w+akJrLZH0MX0Pb5DX39XOwQTtXSdQQOaYH03S1uIQp4mhOZtAXrxq4ViO67YTiLBo2638o9A==

entities@^3.0.1:
  version "3.0.1"
  resolved "https://registry.yarnpkg.com/entities/-/entities-3.0.1.tgz#2b887ca62585e96db3903482d336c1006c3001d4"
  integrity sha512-WiyBqoomrwMdFG1e0kqvASYfnlb0lp8M5o5Fw2OFq1hNZxxcNk8Ik0Xm7LxzBhuidnZB/UtBqVCgUz3kBOP51Q==

esbuild@^0.16.14:
  version "0.16.17"
  resolved "https://registry.yarnpkg.com/esbuild/-/esbuild-0.16.17.tgz#fc2c3914c57ee750635fee71b89f615f25065259"
  integrity sha512-G8LEkV0XzDMNwXKgM0Jwu3nY3lSTwSGY6XbxM9cr9+s0T/qSV1q1JVPBGzm3dcjhCic9+emZDmMffkwgPeOeLg==
  optionalDependencies:
    "@esbuild/android-arm" "0.16.17"
    "@esbuild/android-arm64" "0.16.17"
    "@esbuild/android-x64" "0.16.17"
    "@esbuild/darwin-arm64" "0.16.17"
    "@esbuild/darwin-x64" "0.16.17"
    "@esbuild/freebsd-arm64" "0.16.17"
    "@esbuild/freebsd-x64" "0.16.17"
    "@esbuild/linux-arm" "0.16.17"
    "@esbuild/linux-arm64" "0.16.17"
    "@esbuild/linux-ia32" "0.16.17"
    "@esbuild/linux-loong64" "0.16.17"
    "@esbuild/linux-mips64el" "0.16.17"
    "@esbuild/linux-ppc64" "0.16.17"
    "@esbuild/linux-riscv64" "0.16.17"
    "@esbuild/linux-s390x" "0.16.17"
    "@esbuild/linux-x64" "0.16.17"
    "@esbuild/netbsd-x64" "0.16.17"
    "@esbuild/openbsd-x64" "0.16.17"
    "@esbuild/sunos-x64" "0.16.17"
    "@esbuild/win32-arm64" "0.16.17"
    "@esbuild/win32-ia32" "0.16.17"
    "@esbuild/win32-x64" "0.16.17"

fclone@^1.0.11:
  version "1.0.11"
  resolved "https://registry.yarnpkg.com/fclone/-/fclone-1.0.11.tgz#10e85da38bfea7fc599341c296ee1d77266ee640"
  integrity sha512-GDqVQezKzRABdeqflsgMr7ktzgF9CyS+p2oe0jJqUY6izSSbhPIQJDpoU4PtGcD7VPM9xh/dVrTu6z1nwgmEGw==

fill-range@^7.0.1:
  version "7.0.1"
  resolved "https://registry.yarnpkg.com/fill-range/-/fill-range-7.0.1.tgz#1919a6a7c75fe38b2c7c77e5198535da9acdda40"
  integrity sha512-qOo9F+dMUmC2Lcb4BbVvnKJxTPjCm+RRpe4gDuGrzkL7mEVl/djYSu2OdQ2Pa302N4oqkSg9ir6jaLWJ2USVpQ==
  dependencies:
    to-regex-range "^5.0.1"

fsevents@~2.3.2:
  version "2.3.2"
  resolved "https://registry.yarnpkg.com/fsevents/-/fsevents-2.3.2.tgz#8a526f78b8fdf4623b709e0b975c52c24c02fd1a"
  integrity sha512-xiqMQR4xAeHTuB9uWm+fFRcIOgKBMiOBP+eXiyT7jsgVCq1bkVygt00oASowB7EdtpOHaaPgKt812P9ab+DDKA==

function-bind@^1.1.1:
  version "1.1.1"
  resolved "https://registry.yarnpkg.com/function-bind/-/function-bind-1.1.1.tgz#a56899d3ea3c9bab874bb9773b7c5ede92f4895d"
  integrity sha512-yIovAzMX49sF8Yl58fSCWJ5svSLuaibPxXQJFLmBObTuCr0Mf1KiPopGM9NiFjiYBCbfaa2Fh6breQ6ANVTI0A==

glob-parent@~5.1.2:
  version "5.1.2"
  resolved "https://registry.yarnpkg.com/glob-parent/-/glob-parent-5.1.2.tgz#869832c58034fe68a4093c17dc15e8340d8401c4"
  integrity sha512-AOIgSQCepiJYwP3ARnGx+5VnTu2HBYdzbGP45eLw1vr3zB3vZLeyed1sC9hnbcOc9/SrMyM5RPQrkGz4aS9Zow==
  dependencies:
    is-glob "^4.0.1"

has-flag@^4.0.0:
  version "4.0.0"
  resolved "https://registry.yarnpkg.com/has-flag/-/has-flag-4.0.0.tgz#944771fd9c81c81265c4d6941860da06bb59479b"
  integrity sha512-EykJT/Q1KjTWctppgIAgfSO0tKVuZUjhgMr17kqTumMl6Afv3EISleU7qZUzoXDFTAHTDC4NOoG/ZxU3EvlMPQ==

has@^1.0.3:
  version "1.0.3"
  resolved "https://registry.yarnpkg.com/has/-/has-1.0.3.tgz#722d7cbfc1f6aa8241f16dd814e011e1f41e8796"
  integrity sha512-f2dvO0VU6Oej7RkWJGrehjbzMAjFp5/VKPp5tTpWIV4JHHZK1/BxbFRtf/siA2SWTe09caDmVtYYzWEIbBS4zw==
  dependencies:
    function-bind "^1.1.1"

htmlparser2@^7.1.1:
  version "7.2.0"
  resolved "https://registry.yarnpkg.com/htmlparser2/-/htmlparser2-7.2.0.tgz#8817cdea38bbc324392a90b1990908e81a65f5a5"
  integrity sha512-H7MImA4MS6cw7nbyURtLPO1Tms7C5H602LRETv95z1MxO/7CP7rDVROehUYeYBUYEON94NXXDEPmZuq+hX4sog==
  dependencies:
    domelementtype "^2.0.1"
    domhandler "^4.2.2"
    domutils "^2.8.0"
    entities "^3.0.1"

immutable@^4.0.0:
  version "4.2.1"
  resolved "https://registry.yarnpkg.com/immutable/-/immutable-4.2.1.tgz#8a4025691018c560a40c67e43d698f816edc44d4"
  integrity sha512-7WYV7Q5BTs0nlQm7tl92rDYYoyELLKHoDMBKhrxEoiV4mrfVdRz8hzPiYOzH7yWjzoVEamxRuAqhxL2PLRwZYQ==

is-binary-path@~2.1.0:
  version "2.1.0"
  resolved "https://registry.yarnpkg.com/is-binary-path/-/is-binary-path-2.1.0.tgz#ea1f7f3b80f064236e83470f86c09c254fb45b09"
  integrity sha512-ZMERYes6pDydyuGidse7OsHxtbI7WVeUEozgR/g7rd0xUimYNlvZRE/K2MgZTjWy725IfelLeVcEM97mmtRGXw==
  dependencies:
    binary-extensions "^2.0.0"

is-core-module@^2.9.0:
  version "2.11.0"
  resolved "https://registry.yarnpkg.com/is-core-module/-/is-core-module-2.11.0.tgz#ad4cb3e3863e814523c96f3f58d26cc570ff0144"
  integrity sha512-RRjxlvLDkD1YJwDbroBHMb+cukurkDWNyHx7D3oNB5x9rb5ogcksMC5wHCadcXoo67gVr/+3GFySh3134zi6rw==
  dependencies:
    has "^1.0.3"

is-extglob@^2.1.1:
  version "2.1.1"
  resolved "https://registry.yarnpkg.com/is-extglob/-/is-extglob-2.1.1.tgz#a88c02535791f02ed37c76a1b9ea9773c833f8c2"
  integrity sha512-SbKbANkN603Vi4jEZv49LeVJMn4yGwsbzZworEoyEiutsN3nJYdbO36zfhGJ6QEDpOZIFkDtnq5JRxmvl3jsoQ==

is-glob@^4.0.1, is-glob@~4.0.1:
  version "4.0.3"
  resolved "https://registry.yarnpkg.com/is-glob/-/is-glob-4.0.3.tgz#64f61e42cbbb2eec2071a9dac0b28ba1e65d5084"
  integrity sha512-xelSayHH36ZgE7ZWhli7pW34hNbNl8Ojv5KVmkJD4hBdD3th8Tfk9vYasLM+mXWOZhFkgZfxhLSnrwRr4elSSg==
  dependencies:
    is-extglob "^2.1.1"

is-json@^2.0.1:
  version "2.0.1"
  resolved "https://registry.yarnpkg.com/is-json/-/is-json-2.0.1.tgz#6be166d144828a131d686891b983df62c39491ff"
  integrity sha512-6BEnpVn1rcf3ngfmViLM6vjUjGErbdrL4rwlv+u1NO1XO8kqT4YGL8+19Q+Z/bas8tY90BTWMk2+fW1g6hQjbA==

is-number@^7.0.0:
  version "7.0.0"
  resolved "https://registry.yarnpkg.com/is-number/-/is-number-7.0.0.tgz#7535345b896734d5f80c4d06c50955527a14f12b"
  integrity sha512-41Cifkg6e8TylSpdtTpeLVMqvSBEVzTttHvERD741+pnZ8ANv0004MRL43QKPDlK9cGvNp6NZWZUBlbGXYxxng==

json5@^2.2.1:
  version "2.2.2"
  resolved "https://registry.yarnpkg.com/json5/-/json5-2.2.2.tgz#64471c5bdcc564c18f7c1d4df2e2297f2457c5ab"
  integrity sha512-46Tk9JiOL2z7ytNQWFLpj99RZkVgeHf87yGQKsIkaPz1qSH9UczKH1rO7K3wgRselo0tYMUNfecYpm/p1vC7tQ==

lmdb@2.5.2:
  version "2.5.2"
  resolved "https://registry.yarnpkg.com/lmdb/-/lmdb-2.5.2.tgz#37e28a9fb43405f4dc48c44cec0e13a14c4a6ff1"
  integrity sha512-V5V5Xa2Hp9i2XsbDALkBTeHXnBXh/lEmk9p22zdr7jtuOIY9TGhjK6vAvTpOOx9IKU4hJkRWZxn/HsvR1ELLtA==
  dependencies:
    msgpackr "^1.5.4"
    node-addon-api "^4.3.0"
    node-gyp-build-optional-packages "5.0.3"
    ordered-binary "^1.2.4"
    weak-lru-cache "^1.2.2"
  optionalDependencies:
    "@lmdb/lmdb-darwin-arm64" "2.5.2"
    "@lmdb/lmdb-darwin-x64" "2.5.2"
    "@lmdb/lmdb-linux-arm" "2.5.2"
    "@lmdb/lmdb-linux-arm64" "2.5.2"
    "@lmdb/lmdb-linux-x64" "2.5.2"
    "@lmdb/lmdb-win32-x64" "2.5.2"

lodash@^4.17.21:
  version "4.17.21"
  resolved "https://registry.yarnpkg.com/lodash/-/lodash-4.17.21.tgz#679591c564c3bffaae8454cf0b3df370c3d6911c"
  integrity sha512-v2kDEe57lecTulaDIuNTPy3Ry4gLGJ6Z1O3vE1krgXZNrsQ+LFTGHVxVjcXPs17LhbZVGedAJv8XZ1tvj5FvSg==

msgpackr-extract@^2.2.0:
  version "2.2.0"
  resolved "https://registry.yarnpkg.com/msgpackr-extract/-/msgpackr-extract-2.2.0.tgz#4bb749b58d9764cfdc0d91c7977a007b08e8f262"
  integrity sha512-0YcvWSv7ZOGl9Od6Y5iJ3XnPww8O7WLcpYMDwX+PAA/uXLDtyw94PJv9GLQV/nnp3cWlDhMoyKZIQLrx33sWog==
  dependencies:
    node-gyp-build-optional-packages "5.0.3"
  optionalDependencies:
    "@msgpackr-extract/msgpackr-extract-darwin-arm64" "2.2.0"
    "@msgpackr-extract/msgpackr-extract-darwin-x64" "2.2.0"
    "@msgpackr-extract/msgpackr-extract-linux-arm" "2.2.0"
    "@msgpackr-extract/msgpackr-extract-linux-arm64" "2.2.0"
    "@msgpackr-extract/msgpackr-extract-linux-x64" "2.2.0"
    "@msgpackr-extract/msgpackr-extract-win32-x64" "2.2.0"

msgpackr@^1.5.4:
  version "1.8.1"
  resolved "https://registry.yarnpkg.com/msgpackr/-/msgpackr-1.8.1.tgz#2298aed8a14f83e99df77d344cbda3e436f29b5b"
  integrity sha512-05fT4J8ZqjYlR4QcRDIhLCYKUOHXk7C/xa62GzMKj74l3up9k2QZ3LgFc6qWdsPHl91QA2WLWqWc8b8t7GLNNw==
  optionalDependencies:
    msgpackr-extract "^2.2.0"

nanoid@^3.3.4:
  version "3.3.4"
  resolved "https://registry.yarnpkg.com/nanoid/-/nanoid-3.3.4.tgz#730b67e3cd09e2deacf03c027c81c9d9dbc5e8ab"
  integrity sha512-MqBkQh/OHTS2egovRtLk45wEyNXwF+cokD+1YPf9u5VfJiRdAiRwB2froX5Co9Rh20xs4siNPm8naNotSD6RBw==

node-addon-api@^3.2.1:
  version "3.2.1"
  resolved "https://registry.yarnpkg.com/node-addon-api/-/node-addon-api-3.2.1.tgz#81325e0a2117789c0128dab65e7e38f07ceba161"
  integrity sha512-mmcei9JghVNDYydghQmeDX8KoAm0FAiYyIcUt/N4nhyAipB17pllZQDOJD2fotxABnt4Mdz+dKTO7eftLg4d0A==

node-addon-api@^4.3.0:
  version "4.3.0"
  resolved "https://registry.yarnpkg.com/node-addon-api/-/node-addon-api-4.3.0.tgz#52a1a0b475193e0928e98e0426a0d1254782b77f"
  integrity sha512-73sE9+3UaLYYFmDsFZnqCInzPyh3MqIwZO9cw58yIqAZhONrrabrYyYe3TuIqtIiOuTXVhsGau8hcrhhwSsDIQ==

node-gyp-build-optional-packages@5.0.3:
  version "5.0.3"
  resolved "https://registry.yarnpkg.com/node-gyp-build-optional-packages/-/node-gyp-build-optional-packages-5.0.3.tgz#92a89d400352c44ad3975010368072b41ad66c17"
  integrity sha512-k75jcVzk5wnnc/FMxsf4udAoTEUv2jY3ycfdSd3yWu6Cnd1oee6/CfZJApyscA4FJOmdoixWwiwOyf16RzD5JA==

node-gyp-build@^4.3.0:
  version "4.5.0"
  resolved "https://registry.yarnpkg.com/node-gyp-build/-/node-gyp-build-4.5.0.tgz#7a64eefa0b21112f89f58379da128ac177f20e40"
  integrity sha512-2iGbaQBV+ITgCz76ZEjmhUKAKVf7xfY1sRl4UiKQspfZMH2h06SyhNsnSVy50cwkFQDGLyif6m/6uFXHkOZ6rg==

normalize-path@^3.0.0, normalize-path@~3.0.0:
  version "3.0.0"
  resolved "https://registry.yarnpkg.com/normalize-path/-/normalize-path-3.0.0.tgz#0dcd69ff23a1c9b11fd0978316644a0388216a65"
  integrity sha512-6eZs5Ls3WtCisHWp9S2GUy8dqkpGi4BVSz3GaqiE6ezub0512ESztXUwUB6C6IKbQkY2Pnb/mD4WYojCRwcwLA==

nullthrows@^1.1.1:
  version "1.1.1"
  resolved "https://registry.yarnpkg.com/nullthrows/-/nullthrows-1.1.1.tgz#7818258843856ae971eae4208ad7d7eb19a431b1"
  integrity sha512-2vPPEi+Z7WqML2jZYddDIfy5Dqb0r2fze2zTxNNknZaFpVHU3mFB3R+DWeJWGVx0ecvttSGlJTI+WG+8Z4cDWw==

ordered-binary@^1.2.4:
  version "1.4.0"
  resolved "https://registry.yarnpkg.com/ordered-binary/-/ordered-binary-1.4.0.tgz#6bb53d44925f3b8afc33d1eed0fa15693b211389"
  integrity sha512-EHQ/jk4/a9hLupIKxTfUsQRej1Yd/0QLQs3vGvIqg5ZtCYSzNhkzHoZc7Zf4e4kUlDaC3Uw8Q/1opOLNN2OKRQ==

path-parse@^1.0.7:
  version "1.0.7"
  resolved "https://registry.yarnpkg.com/path-parse/-/path-parse-1.0.7.tgz#fbc114b60ca42b30d9daf5858e4bd68bbedb6735"
  integrity sha512-LDJzPVEEEPR+y48z93A0Ed0yXb8pAByGWo/k5YYdYgpY2/2EsOsksJrq7lOHxryrVOn1ejG6oAp8ahvOIQD8sw==

picocolors@^1.0.0:
  version "1.0.0"
  resolved "https://registry.yarnpkg.com/picocolors/-/picocolors-1.0.0.tgz#cb5bdc74ff3f51892236eaf79d68bc44564ab81c"
  integrity sha512-1fygroTLlHu66zi26VoTDv8yRgm0Fccecssto+MhsZ0D/DGW2sm8E8AjW7NU5VVTRt5GxbeZ5qBuJr+HyLYkjQ==

picomatch@^2.0.4, picomatch@^2.2.1:
  version "2.3.1"
  resolved "https://registry.yarnpkg.com/picomatch/-/picomatch-2.3.1.tgz#3ba3833733646d9d3e4995946c1365a67fb07a42"
  integrity sha512-JU3teHTNjmE2VCGFzuY8EXzCDVwEqB2a8fsIvwaStHhAWJEeVd1o1QD80CU6+ZdEXXSLbSsuLwJjkCBWqRQUVA==

postcss@^8.4.21:
  version "8.4.21"
  resolved "https://registry.yarnpkg.com/postcss/-/postcss-8.4.21.tgz#c639b719a57efc3187b13a1d765675485f4134f4"
  integrity sha512-tP7u/Sn/dVxK2NnruI4H9BG+x+Wxz6oeZ1cJ8P6G/PZY0IKk4k/63TDsQf2kQq3+qoJeLm2kIBUNlZe3zgb4Zg==
  dependencies:
    nanoid "^3.3.4"
    picocolors "^1.0.0"
    source-map-js "^1.0.2"

posthtml-doctype@^1.1.1:
  version "1.1.1"
  resolved "https://registry.yarnpkg.com/posthtml-doctype/-/posthtml-doctype-1.1.1.tgz#d3e4204b6551c9ce5e1d45365b46564785ba3b9b"
  integrity sha512-G5Flc83qRhN9mSls93C/djIbElynPzqZ3sPpVISNr3/9uXuByILHhSh8yXODeCwIxggB65szy1tnY8xOWT8lyw==

posthtml-expressions@^1.10.0, posthtml-expressions@^1.7.1:
  version "1.11.0"
  resolved "https://registry.yarnpkg.com/posthtml-expressions/-/posthtml-expressions-1.11.0.tgz#bac30b0fb1c87b25be39cf1a085332e38d7327e6"
  integrity sha512-Un7J/UugURkoxCuFJ+1UwzmXe19hPrfUBOYgrjf2ipkCyghSh8L3ldwKttgjs8GI+4aPPUFThAted0J2tpORnA==
  dependencies:
    fclone "^1.0.11"
    posthtml-match-helper "^1.0.1"
    posthtml-parser "^0.10.0"
    posthtml-render "^3.0.0"

posthtml-extend@^0.6.3:
  version "0.6.5"
  resolved "https://registry.yarnpkg.com/posthtml-extend/-/posthtml-extend-0.6.5.tgz#9316b29d412b153584f1e867ee8a1ee68db042a3"
  integrity sha512-4GUJaGViVfzthUHDUNxdb4Et4VeRNIJ+v3bz0Zsa7UZney6xcqBOtWsE71P31TbZ3g94LAZfQb+HOQZLXZKyCQ==
  dependencies:
    deepmerge "^4.2.2"
    posthtml "^0.16.5"
    posthtml-expressions "^1.10.0"
    posthtml-parser "^0.11.0"

posthtml-include@^1.7.4:
  version "1.7.4"
  resolved "https://registry.yarnpkg.com/posthtml-include/-/posthtml-include-1.7.4.tgz#45e7abd18395ce5a6e8af9dc5c5390f85cf6171c"
  integrity sha512-GO5QzHiM6/fXq8DxLoLN+jEW4sH/6nuGF9z+NJmP1qi1A3J2zCC7WwXrEwaPL3T8LrH+FL4IedK+mIJHbn5ZEA==
  dependencies:
    posthtml "^0.16.6"
    posthtml-expressions "^1.7.1"
    posthtml-parser "^0.11.0"

posthtml-match-helper@^1.0.1:
  version "1.0.3"
  resolved "https://registry.yarnpkg.com/posthtml-match-helper/-/posthtml-match-helper-1.0.3.tgz#9308f0bdc66398735f7117441feca64f131956d5"
  integrity sha512-aeRAPvok2Fs6uzSm85665jdAk5UOd8US2QCkWtGU6yLPlKSwzWTSgZZuABc3UeNy3K1lVk/HV9bRkWJYN05Ymw==

posthtml-parser@^0.10.0:
  version "0.10.2"
  resolved "https://registry.yarnpkg.com/posthtml-parser/-/posthtml-parser-0.10.2.tgz#df364d7b179f2a6bf0466b56be7b98fd4e97c573"
  integrity sha512-PId6zZ/2lyJi9LiKfe+i2xv57oEjJgWbsHGGANwos5AvdQp98i6AtamAl8gzSVFGfQ43Glb5D614cvZf012VKg==
  dependencies:
    htmlparser2 "^7.1.1"

posthtml-parser@^0.11.0:
  version "0.11.0"
  resolved "https://registry.yarnpkg.com/posthtml-parser/-/posthtml-parser-0.11.0.tgz#25d1c7bf811ea83559bc4c21c189a29747a24b7a"
  integrity sha512-QecJtfLekJbWVo/dMAA+OSwY79wpRmbqS5TeXvXSX+f0c6pW4/SE6inzZ2qkU7oAMCPqIDkZDvd/bQsSFUnKyw==
  dependencies:
    htmlparser2 "^7.1.1"

posthtml-render@^3.0.0:
  version "3.0.0"
  resolved "https://registry.yarnpkg.com/posthtml-render/-/posthtml-render-3.0.0.tgz#97be44931496f495b4f07b99e903cc70ad6a3205"
  integrity sha512-z+16RoxK3fUPgwaIgH9NGnK1HKY9XIDpydky5eQGgAFVXTCSezalv9U2jQuNV+Z9qV1fDWNzldcw4eK0SSbqKA==
  dependencies:
    is-json "^2.0.1"

posthtml@^0.16.5, posthtml@^0.16.6:
  version "0.16.6"
  resolved "https://registry.yarnpkg.com/posthtml/-/posthtml-0.16.6.tgz#e2fc407f67a64d2fa3567afe770409ffdadafe59"
  integrity sha512-JcEmHlyLK/o0uGAlj65vgg+7LIms0xKXe60lcDOTU7oVX/3LuEuLwrQpW3VJ7de5TaFKiW4kWkaIpJL42FEgxQ==
  dependencies:
    posthtml-parser "^0.11.0"
    posthtml-render "^3.0.0"

prettier@^2.8.1:
  version "2.8.1"
  resolved "https://registry.yarnpkg.com/prettier/-/prettier-2.8.1.tgz#4e1fd11c34e2421bc1da9aea9bd8127cd0a35efc"
  integrity sha512-lqGoSJBQNJidqCHE80vqZJHWHRFoNYsSpP9AjFhlhi9ODCJA541svILes/+/1GM3VaL/abZi7cpFzOpdR9UPKg==

readdirp@~3.6.0:
  version "3.6.0"
  resolved "https://registry.yarnpkg.com/readdirp/-/readdirp-3.6.0.tgz#74a370bd857116e245b29cc97340cd431a02a6c7"
  integrity sha512-hOS089on8RduqdbhvQ5Z37A0ESjsqz6qnRcffsMU3495FuTdqSm+7bhJ29JvIOsBDEEnan5DPu9t3To9VRlMzA==
  dependencies:
    picomatch "^2.2.1"

resolve@^1.22.1:
  version "1.22.1"
  resolved "https://registry.yarnpkg.com/resolve/-/resolve-1.22.1.tgz#27cb2ebb53f91abb49470a928bba7558066ac177"
  integrity sha512-nBpuuYuY5jFsli/JIs1oldw6fOQCBioohqWZg/2hiaOybXOft4lonv85uDOKXdf8rhyK159cxU5cDcK/NKk8zw==
  dependencies:
    is-core-module "^2.9.0"
    path-parse "^1.0.7"
    supports-preserve-symlinks-flag "^1.0.0"

rollup@^3.10.0:
  version "3.13.0"
  resolved "https://registry.yarnpkg.com/rollup/-/rollup-3.13.0.tgz#202883a91b5d1bf98302efe4daa907e3e5e4ae94"
  integrity sha512-HJwQtrXAc0AmyDohTJ/2c+Bx/sWPScJLlAUJ1kuD7rAkCro8Cr2SnVB2gVYBiSLxpgD2kZ24jbyXtG++GumrYQ==
  optionalDependencies:
    fsevents "~2.3.2"

sass@^1.38.0:
  version "1.57.1"
  resolved "https://registry.yarnpkg.com/sass/-/sass-1.57.1.tgz#dfafd46eb3ab94817145e8825208ecf7281119b5"
  integrity sha512-O2+LwLS79op7GI0xZ8fqzF7X2m/m8WFfI02dHOdsK5R2ECeS5F62zrwg/relM1rjSLy7Vd/DiMNIvPrQGsA0jw==
  dependencies:
    chokidar ">=3.0.0 <4.0.0"
    immutable "^4.0.0"
    source-map-js ">=0.6.2 <2.0.0"

semver@^5.7.1:
  version "5.7.1"
  resolved "https://registry.yarnpkg.com/semver/-/semver-5.7.1.tgz#a954f931aeba508d307bbf069eff0c01c96116f7"
  integrity sha512-sauaDf/PZdVgrLTNYHRtpXa1iRiKcaebiKQ1BJdpQlWH2lCvexQdX55snPFyK7QzpudqbCI0qXFfOasHdyNDGQ==

"source-map-js@>=0.6.2 <2.0.0", source-map-js@^1.0.2:
  version "1.0.2"
  resolved "https://registry.yarnpkg.com/source-map-js/-/source-map-js-1.0.2.tgz#adbc361d9c62df380125e7f161f71c826f1e490c"
  integrity sha512-R0XvVJ9WusLiqTCEiGCmICCMplcCkIwwR11mOSD9CR5u+IXYdiseeEuXCVAjS54zqwkLcPNnmU4OeJ6tUrWhDw==

supports-color@^7.1.0:
  version "7.2.0"
  resolved "https://registry.yarnpkg.com/supports-color/-/supports-color-7.2.0.tgz#1b7dcdcb32b8138801b3e478ba6a51caa89648da"
  integrity sha512-qpCAvRl9stuOHveKsn7HncJRvv501qIacKzQlO/+Lwxc9+0q2wLyv4Dfvt80/DPn2pqOBsJdDiogXGR9+OvwRw==
  dependencies:
    has-flag "^4.0.0"

supports-preserve-symlinks-flag@^1.0.0:
  version "1.0.0"
  resolved "https://registry.yarnpkg.com/supports-preserve-symlinks-flag/-/supports-preserve-symlinks-flag-1.0.0.tgz#6eda4bd344a3c94aea376d4cc31bc77311039e09"
  integrity sha512-ot0WnXS9fgdkgIcePe6RHNk1WA8+muPa6cSjeR3V8K27q9BB1rTE3R1p7Hv0z1ZyAc8s6Vvv8DIyWf681MAt0w==

three.js@^0.77.1:
  version "0.77.1"
  resolved "https://registry.yarnpkg.com/three.js/-/three.js-0.77.1.tgz#07858a8749e4b627a31083252a2d987776cca32a"
  integrity sha512-lVMYlBXhhHlZtsF+cQdev6WCm2fSWs3I+A6Z63j6TBmkVXOYgdo9AUCRemfsw5mllqWx23VubJ5Qt8/uWKQpJA==
  dependencies:
    three "0.77.0"

three@0.77.0:
  version "0.77.0"
  resolved "https://registry.yarnpkg.com/three/-/three-0.77.0.tgz#8b0b1b00047689ceaa020d480a562ca60d87ff37"
  integrity sha512-YWEp8ahs2l+6fAFVbanLVQoSBwVq5jDct3nZdBSHHXb5I/w5oy/LCMAzIOAguKWclRqcjR4W1BeP5QBnftGbpA==

three@^0.147.0:
  version "0.147.0"
  resolved "https://registry.yarnpkg.com/three/-/three-0.147.0.tgz#1974af9e8e0c1efb3a8561334d57c0b6c29a7951"
  integrity sha512-LPTOslYQXFkmvceQjFTNnVVli2LaVF6C99Pv34fJypp8NbQLbTlu3KinZ0zURghS5zEehK+VQyvWuPZ/Sm8fzw==

to-regex-range@^5.0.1:
  version "5.0.1"
  resolved "https://registry.yarnpkg.com/to-regex-range/-/to-regex-range-5.0.1.tgz#1648c44aae7c8d988a326018ed72f5b4dd0392e4"
  integrity sha512-65P7iz6X5yEr1cwcgvQxbbIw7Uk3gOy5dIdtZ4rDveLqhrdJP+Li/Hx6tyK0NEb+2GCyneCMJiGqrADCSNk8sQ==
  dependencies:
    is-number "^7.0.0"

utility-types@^3.10.0:
  version "3.10.0"
  resolved "https://registry.yarnpkg.com/utility-types/-/utility-types-3.10.0.tgz#ea4148f9a741015f05ed74fd615e1d20e6bed82b"
  integrity sha512-O11mqxmi7wMKCo6HKFt5AhO4BwY3VV68YU07tgxfz8zJTIxr4BpsezN49Ffwy9j3ZpwwJp4fkRwjRzq3uWE6Rg==

vite@^4.1.0:
  version "4.1.1"
  resolved "https://registry.yarnpkg.com/vite/-/vite-4.1.1.tgz#3b18b81a4e85ce3df5cbdbf4c687d93ebf402e6b"
  integrity sha512-LM9WWea8vsxhr782r9ntg+bhSFS06FJgCvvB0+8hf8UWtvaiDagKYWXndjfX6kGl74keHJUcpzrQliDXZlF5yg==
  dependencies:
    esbuild "^0.16.14"
    postcss "^8.4.21"
    resolve "^1.22.1"
    rollup "^3.10.0"
  optionalDependencies:
    fsevents "~2.3.2"

weak-lru-cache@^1.2.2:
  version "1.2.2"
  resolved "https://registry.yarnpkg.com/weak-lru-cache/-/weak-lru-cache-1.2.2.tgz#fdbb6741f36bae9540d12f480ce8254060dccd19"
  integrity sha512-DEAoo25RfSYMuTGc9vPJzZcZullwIqRDSI9LOy+fkCJPi6hykCnfKaXTuPBDuXAUcqHXyOgFtHNp/kB2FjYHbw==

xxhash-wasm@^0.4.2:
  version "0.4.2"
  resolved "https://registry.yarnpkg.com/xxhash-wasm/-/xxhash-wasm-0.4.2.tgz#752398c131a4dd407b5132ba62ad372029be6f79"
  integrity sha512-/eyHVRJQCirEkSZ1agRSCwriMhwlyUcFkXD5TPVSLP+IPzjsqMVzZwdoczLp1SoQU0R3dxz1RpIK+4YNQbCVOA==
